// !$*UTF8*$!
{
	archiveVersion = 1;
	classes = {
	};
	objectVersion = 48;
	objects = {

/* Begin PBXBuildFile section */
		3C01A23D200FDB3900BB0D7C /* AppDelegate.m in Sources */ = {isa = PBXBuildFile; fileRef = 3C01A23C200FDB3900BB0D7C /* AppDelegate.m */; };
		3C01A243200FDB3900BB0D7C /* Main.storyboard in Resources */ = {isa = PBXBuildFile; fileRef = 3C01A241200FDB3900BB0D7C /* Main.storyboard */; };
		3C01A245200FDB3900BB0D7C /* Assets.xcassets in Resources */ = {isa = PBXBuildFile; fileRef = 3C01A244200FDB3900BB0D7C /* Assets.xcassets */; };
		3C01A248200FDB3900BB0D7C /* LaunchScreen.storyboard in Resources */ = {isa = PBXBuildFile; fileRef = 3C01A246200FDB3900BB0D7C /* LaunchScreen.storyboard */; };
		3C01A24B200FDB3900BB0D7C /* main.m in Sources */ = {isa = PBXBuildFile; fileRef = 3C01A24A200FDB3900BB0D7C /* main.m */; };
		3C01A26C200FEC5800BB0D7C /* Renderer.mm in Sources */ = {isa = PBXBuildFile; fileRef = 3C01A266200FEC5800BB0D7C /* Renderer.mm */; };
		3C01A26D200FEC5800BB0D7C /* Shader.fsh in Resources */ = {isa = PBXBuildFile; fileRef = 3C01A268200FEC5800BB0D7C /* Shader.fsh */; };
		3C01A26E200FEC5800BB0D7C /* ViewController.m in Sources */ = {isa = PBXBuildFile; fileRef = 3C01A269200FEC5800BB0D7C /* ViewController.m */; };
		3C01A26F200FEC5800BB0D7C /* Shader.vsh in Resources */ = {isa = PBXBuildFile; fileRef = 3C01A26A200FEC5800BB0D7C /* Shader.vsh */; };
		3C01A270200FEC5800BB0D7C /* GLESRenderer.cpp in Sources */ = {isa = PBXBuildFile; fileRef = 3C01A26B200FEC5800BB0D7C /* GLESRenderer.cpp */; };
		3C2CE7892074AEA5009307F2 /* rat.obj in Resources */ = {isa = PBXBuildFile; fileRef = 3C2CE7882074AEA5009307F2 /* rat.obj */; };
		3C2CE78C2075D4E4009307F2 /* cube.obj in Resources */ = {isa = PBXBuildFile; fileRef = 3C2CE78B2075D4E4009307F2 /* cube.obj */; };
		3C9B7811205A1A7E0092FBF0 /* crate.jpg in Resources */ = {isa = PBXBuildFile; fileRef = 3C9B7810205A1A7E0092FBF0 /* crate.jpg */; };
		3C9B7817205A378B0092FBF0 /* front.jpg in Resources */ = {isa = PBXBuildFile; fileRef = 3C9B7812205A378B0092FBF0 /* front.jpg */; };
		3C9B7818205A378B0092FBF0 /* left.jpg in Resources */ = {isa = PBXBuildFile; fileRef = 3C9B7813205A378B0092FBF0 /* left.jpg */; };
		3C9B7819205A378B0092FBF0 /* back.jpg in Resources */ = {isa = PBXBuildFile; fileRef = 3C9B7814205A378B0092FBF0 /* back.jpg */; };
		3C9B781A205A378B0092FBF0 /* floor.jpg in Resources */ = {isa = PBXBuildFile; fileRef = 3C9B7815205A378B0092FBF0 /* floor.jpg */; };
		3C9B781B205A378B0092FBF0 /* right.jpg in Resources */ = {isa = PBXBuildFile; fileRef = 3C9B7816205A378B0092FBF0 /* right.jpg */; };
/* End PBXBuildFile section */

/* Begin PBXFileReference section */
		3C01A238200FDB3900BB0D7C /* stuff.app */ = {isa = PBXFileReference; explicitFileType = wrapper.application; includeInIndex = 0; path = stuff.app; sourceTree = BUILT_PRODUCTS_DIR; };
		3C01A23B200FDB3900BB0D7C /* AppDelegate.h */ = {isa = PBXFileReference; lastKnownFileType = sourcecode.c.h; path = AppDelegate.h; sourceTree = "<group>"; };
		3C01A23C200FDB3900BB0D7C /* AppDelegate.m */ = {isa = PBXFileReference; lastKnownFileType = sourcecode.c.objc; path = AppDelegate.m; sourceTree = "<group>"; };
		3C01A242200FDB3900BB0D7C /* Base */ = {isa = PBXFileReference; lastKnownFileType = file.storyboard; name = Base; path = Base.lproj/Main.storyboard; sourceTree = "<group>"; };
		3C01A244200FDB3900BB0D7C /* Assets.xcassets */ = {isa = PBXFileReference; lastKnownFileType = folder.assetcatalog; path = Assets.xcassets; sourceTree = "<group>"; };
		3C01A247200FDB3900BB0D7C /* Base */ = {isa = PBXFileReference; lastKnownFileType = file.storyboard; name = Base; path = Base.lproj/LaunchScreen.storyboard; sourceTree = "<group>"; };
		3C01A249200FDB3900BB0D7C /* Info.plist */ = {isa = PBXFileReference; lastKnownFileType = text.plist.xml; path = Info.plist; sourceTree = "<group>"; };
		3C01A24A200FDB3900BB0D7C /* main.m */ = {isa = PBXFileReference; lastKnownFileType = sourcecode.c.objc; path = main.m; sourceTree = "<group>"; };
		3C01A252200FEB0B00BB0D7C /* stuff.xcodeproj */ = {isa = PBXFileReference; lastKnownFileType = "wrapper.pb-project"; path = stuff.xcodeproj; sourceTree = SOURCE_ROOT; };
		3C01A264200FEC5700BB0D7C /* GLESRenderer.hpp */ = {isa = PBXFileReference; fileEncoding = 4; lastKnownFileType = sourcecode.cpp.h; path = GLESRenderer.hpp; sourceTree = "<group>"; };
		3C01A265200FEC5700BB0D7C /* Renderer.h */ = {isa = PBXFileReference; fileEncoding = 4; lastKnownFileType = sourcecode.c.h; path = Renderer.h; sourceTree = "<group>"; };
		3C01A266200FEC5800BB0D7C /* Renderer.mm */ = {isa = PBXFileReference; fileEncoding = 4; lastKnownFileType = sourcecode.cpp.objcpp; path = Renderer.mm; sourceTree = "<group>"; };
		3C01A267200FEC5800BB0D7C /* ViewController.h */ = {isa = PBXFileReference; fileEncoding = 4; lastKnownFileType = sourcecode.c.h; path = ViewController.h; sourceTree = "<group>"; };
		3C01A268200FEC5800BB0D7C /* Shader.fsh */ = {isa = PBXFileReference; fileEncoding = 4; lastKnownFileType = sourcecode.glsl; path = Shader.fsh; sourceTree = "<group>"; };
		3C01A269200FEC5800BB0D7C /* ViewController.m */ = {isa = PBXFileReference; fileEncoding = 4; lastKnownFileType = sourcecode.c.objc; path = ViewController.m; sourceTree = "<group>"; };
		3C01A26A200FEC5800BB0D7C /* Shader.vsh */ = {isa = PBXFileReference; fileEncoding = 4; lastKnownFileType = sourcecode.glsl; path = Shader.vsh; sourceTree = "<group>"; };
		3C01A26B200FEC5800BB0D7C /* GLESRenderer.cpp */ = {isa = PBXFileReference; fileEncoding = 4; lastKnownFileType = sourcecode.cpp.cpp; path = GLESRenderer.cpp; sourceTree = "<group>"; };
		3C2CE7882074AEA5009307F2 /* rat.obj */ = {isa = PBXFileReference; fileEncoding = 4; lastKnownFileType = text; path = rat.obj; sourceTree = "<group>"; };
		3C2CE78B2075D4E4009307F2 /* cube.obj */ = {isa = PBXFileReference; fileEncoding = 4; lastKnownFileType = text; path = cube.obj; sourceTree = "<group>"; };
		3C9B7810205A1A7E0092FBF0 /* crate.jpg */ = {isa = PBXFileReference; lastKnownFileType = image.jpeg; path = crate.jpg; sourceTree = "<group>"; };
		3C9B7812205A378B0092FBF0 /* front.jpg */ = {isa = PBXFileReference; lastKnownFileType = image.jpeg; path = front.jpg; sourceTree = "<group>"; };
		3C9B7813205A378B0092FBF0 /* left.jpg */ = {isa = PBXFileReference; lastKnownFileType = image.jpeg; path = left.jpg; sourceTree = "<group>"; };
		3C9B7814205A378B0092FBF0 /* back.jpg */ = {isa = PBXFileReference; lastKnownFileType = image.jpeg; path = back.jpg; sourceTree = "<group>"; };
		3C9B7815205A378B0092FBF0 /* floor.jpg */ = {isa = PBXFileReference; lastKnownFileType = image.jpeg; path = floor.jpg; sourceTree = "<group>"; };
		3C9B7816205A378B0092FBF0 /* right.jpg */ = {isa = PBXFileReference; lastKnownFileType = image.jpeg; path = right.jpg; sourceTree = "<group>"; };
/* End PBXFileReference section */

/* Begin PBXFrameworksBuildPhase section */
		3C01A235200FDB3900BB0D7C /* Frameworks */ = {
			isa = PBXFrameworksBuildPhase;
			buildActionMask = 2147483647;
			files = (
			);
			runOnlyForDeploymentPostprocessing = 0;
		};
/* End PBXFrameworksBuildPhase section */

/* Begin PBXGroup section */
		3C01A22F200FDB3900BB0D7C = {
			isa = PBXGroup;
			children = (
				3C01A23A200FDB3900BB0D7C /* stuff */,
				3C01A239200FDB3900BB0D7C /* Products */,
			);
			sourceTree = "<group>";
		};
		3C01A239200FDB3900BB0D7C /* Products */ = {
			isa = PBXGroup;
			children = (
				3C01A238200FDB3900BB0D7C /* stuff.app */,
			);
			name = Products;
			sourceTree = "<group>";
		};
		3C01A23A200FDB3900BB0D7C /* stuff */ = {
			isa = PBXGroup;
			children = (
				3C01A26B200FEC5800BB0D7C /* GLESRenderer.cpp */,
				3C01A264200FEC5700BB0D7C /* GLESRenderer.hpp */,
				3C01A265200FEC5700BB0D7C /* Renderer.h */,
				3C01A266200FEC5800BB0D7C /* Renderer.mm */,
				3C01A268200FEC5800BB0D7C /* Shader.fsh */,
				3C01A26A200FEC5800BB0D7C /* Shader.vsh */,
				3C9B7810205A1A7E0092FBF0 /* crate.jpg */,
				3C9B7814205A378B0092FBF0 /* back.jpg */,
				3C9B7815205A378B0092FBF0 /* floor.jpg */,
				3C2CE7882074AEA5009307F2 /* rat.obj */,
				3C2CE78B2075D4E4009307F2 /* cube.obj */,
				3C9B7812205A378B0092FBF0 /* front.jpg */,
				3C9B7813205A378B0092FBF0 /* left.jpg */,
				3C9B7816205A378B0092FBF0 /* right.jpg */,
				3C01A267200FEC5800BB0D7C /* ViewController.h */,
				3C01A269200FEC5800BB0D7C /* ViewController.m */,
				3C01A252200FEB0B00BB0D7C /* stuff.xcodeproj */,
				3C01A23B200FDB3900BB0D7C /* AppDelegate.h */,
				3C01A23C200FDB3900BB0D7C /* AppDelegate.m */,
				3C01A241200FDB3900BB0D7C /* Main.storyboard */,
				3C01A244200FDB3900BB0D7C /* Assets.xcassets */,
				3C01A246200FDB3900BB0D7C /* LaunchScreen.storyboard */,
				3C01A249200FDB3900BB0D7C /* Info.plist */,
				3C01A24A200FDB3900BB0D7C /* main.m */,
			);
			path = stuff;
			sourceTree = "<group>";
		};
		3C01A253200FEB0B00BB0D7C /* Products */ = {
			isa = PBXGroup;
			name = Products;
			sourceTree = "<group>";
		};
/* End PBXGroup section */

/* Begin PBXNativeTarget section */
		3C01A237200FDB3900BB0D7C /* stuff */ = {
			isa = PBXNativeTarget;
			buildConfigurationList = 3C01A24E200FDB3900BB0D7C /* Build configuration list for PBXNativeTarget "stuff" */;
			buildPhases = (
				3C01A234200FDB3900BB0D7C /* Sources */,
				3C01A235200FDB3900BB0D7C /* Frameworks */,
				3C01A236200FDB3900BB0D7C /* Resources */,
			);
			buildRules = (
			);
			dependencies = (
			);
			name = stuff;
			productName = stuff;
			productReference = 3C01A238200FDB3900BB0D7C /* stuff.app */;
			productType = "com.apple.product-type.application";
		};
/* End PBXNativeTarget section */

/* Begin PBXProject section */
		3C01A230200FDB3900BB0D7C /* Project object */ = {
			isa = PBXProject;
			attributes = {
				LastUpgradeCheck = 0920;
				ORGANIZATIONNAME = "Rian Neufelt";
				TargetAttributes = {
					3C01A237200FDB3900BB0D7C = {
						CreatedOnToolsVersion = 9.2;
						ProvisioningStyle = Automatic;
					};
				};
			};
			buildConfigurationList = 3C01A233200FDB3900BB0D7C /* Build configuration list for PBXProject "stuff" */;
			compatibilityVersion = "Xcode 8.0";
			developmentRegion = en;
			hasScannedForEncodings = 0;
			knownRegions = (
				en,
				Base,
			);
			mainGroup = 3C01A22F200FDB3900BB0D7C;
			productRefGroup = 3C01A239200FDB3900BB0D7C /* Products */;
			projectDirPath = "";
			projectReferences = (
				{
					ProductGroup = 3C01A253200FEB0B00BB0D7C /* Products */;
					ProjectRef = 3C01A252200FEB0B00BB0D7C /* stuff.xcodeproj */;
				},
			);
			projectRoot = "";
			targets = (
				3C01A237200FDB3900BB0D7C /* stuff */,
			);
		};
/* End PBXProject section */

/* Begin PBXResourcesBuildPhase section */
		3C01A236200FDB3900BB0D7C /* Resources */ = {
			isa = PBXResourcesBuildPhase;
			buildActionMask = 2147483647;
			files = (
				3C01A26D200FEC5800BB0D7C /* Shader.fsh in Resources */,
				3C01A248200FDB3900BB0D7C /* LaunchScreen.storyboard in Resources */,
				3C9B781B205A378B0092FBF0 /* right.jpg in Resources */,
				3C2CE78C2075D4E4009307F2 /* cube.obj in Resources */,
				3C2CE7892074AEA5009307F2 /* rat.obj in Resources */,
				3C9B7818205A378B0092FBF0 /* left.jpg in Resources */,
				3C9B7817205A378B0092FBF0 /* front.jpg in Resources */,
				3C9B7819205A378B0092FBF0 /* back.jpg in Resources */,
				3C01A245200FDB3900BB0D7C /* Assets.xcassets in Resources */,
				3C9B7811205A1A7E0092FBF0 /* crate.jpg in Resources */,
				3C01A243200FDB3900BB0D7C /* Main.storyboard in Resources */,
				3C9B781A205A378B0092FBF0 /* floor.jpg in Resources */,
				3C01A26F200FEC5800BB0D7C /* Shader.vsh in Resources */,
			);
			runOnlyForDeploymentPostprocessing = 0;
		};
/* End PBXResourcesBuildPhase section */

/* Begin PBXSourcesBuildPhase section */
		3C01A234200FDB3900BB0D7C /* Sources */ = {
			isa = PBXSourcesBuildPhase;
			buildActionMask = 2147483647;
			files = (
				3C01A270200FEC5800BB0D7C /* GLESRenderer.cpp in Sources */,
				3C01A24B200FDB3900BB0D7C /* main.m in Sources */,
				3C01A26C200FEC5800BB0D7C /* Renderer.mm in Sources */,
				3C01A26E200FEC5800BB0D7C /* ViewController.m in Sources */,
				3C01A23D200FDB3900BB0D7C /* AppDelegate.m in Sources */,
			);
			runOnlyForDeploymentPostprocessing = 0;
		};
/* End PBXSourcesBuildPhase section */

/* Begin PBXVariantGroup section */
		3C01A241200FDB3900BB0D7C /* Main.storyboard */ = {
			isa = PBXVariantGroup;
			children = (
				3C01A242200FDB3900BB0D7C /* Base */,
			);
			name = Main.storyboard;
			sourceTree = "<group>";
		};
		3C01A246200FDB3900BB0D7C /* LaunchScreen.storyboard */ = {
			isa = PBXVariantGroup;
			children = (
				3C01A247200FDB3900BB0D7C /* Base */,
			);
			name = LaunchScreen.storyboard;
			sourceTree = "<group>";
		};
/* End PBXVariantGroup section */

/* Begin XCBuildConfiguration section */
		3C01A24C200FDB3900BB0D7C /* Debug */ = {
			isa = XCBuildConfiguration;
			buildSettings = {
				ALWAYS_SEARCH_USER_PATHS = NO;
				CLANG_ANALYZER_NONNULL = YES;
				CLANG_ANALYZER_NUMBER_OBJECT_CONVERSION = YES_AGGRESSIVE;
				CLANG_CXX_LANGUAGE_STANDARD = "gnu++14";
				CLANG_CXX_LIBRARY = "libc++";
				CLANG_ENABLE_MODULES = YES;
				CLANG_ENABLE_OBJC_ARC = YES;
				CLANG_WARN_BLOCK_CAPTURE_AUTORELEASING = YES;
				CLANG_WARN_BOOL_CONVERSION = YES;
				CLANG_WARN_COMMA = YES;
				CLANG_WARN_CONSTANT_CONVERSION = YES;
				CLANG_WARN_DIRECT_OBJC_ISA_USAGE = YES_ERROR;
				CLANG_WARN_DOCUMENTATION_COMMENTS = YES;
				CLANG_WARN_EMPTY_BODY = YES;
				CLANG_WARN_ENUM_CONVERSION = YES;
				CLANG_WARN_INFINITE_RECURSION = YES;
				CLANG_WARN_INT_CONVERSION = YES;
				CLANG_WARN_NON_LITERAL_NULL_CONVERSION = YES;
				CLANG_WARN_OBJC_LITERAL_CONVERSION = YES;
				CLANG_WARN_OBJC_ROOT_CLASS = YES_ERROR;
				CLANG_WARN_RANGE_LOOP_ANALYSIS = YES;
				CLANG_WARN_STRICT_PROTOTYPES = YES;
				CLANG_WARN_SUSPICIOUS_MOVE = YES;
				CLANG_WARN_UNGUARDED_AVAILABILITY = YES_AGGRESSIVE;
				CLANG_WARN_UNREACHABLE_CODE = YES;
				CLANG_WARN__DUPLICATE_METHOD_MATCH = YES;
				CODE_SIGN_IDENTITY = "iPhone Developer";
				COPY_PHASE_STRIP = NO;
				DEBUG_INFORMATION_FORMAT = dwarf;
				ENABLE_STRICT_OBJC_MSGSEND = YES;
				ENABLE_TESTABILITY = YES;
				GCC_C_LANGUAGE_STANDARD = gnu11;
				GCC_DYNAMIC_NO_PIC = NO;
				GCC_NO_COMMON_BLOCKS = YES;
				GCC_OPTIMIZATION_LEVEL = 0;
				GCC_PREPROCESSOR_DEFINITIONS = (
					"DEBUG=1",
					"$(inherited)",
				);
				GCC_WARN_64_TO_32_BIT_CONVERSION = YES;
				GCC_WARN_ABOUT_RETURN_TYPE = YES_ERROR;
				GCC_WARN_UNDECLARED_SELECTOR = YES;
				GCC_WARN_UNINITIALIZED_AUTOS = YES_AGGRESSIVE;
				GCC_WARN_UNUSED_FUNCTION = YES;
				GCC_WARN_UNUSED_VARIABLE = YES;
				IPHONEOS_DEPLOYMENT_TARGET = 11.2;
				MTL_ENABLE_DEBUG_INFO = YES;
				ONLY_ACTIVE_ARCH = YES;
				SDKROOT = iphoneos;
			};
			name = Debug;
		};
		3C01A24D200FDB3900BB0D7C /* Release */ = {
			isa = XCBuildConfiguration;
			buildSettings = {
				ALWAYS_SEARCH_USER_PATHS = NO;
				CLANG_ANALYZER_NONNULL = YES;
				CLANG_ANALYZER_NUMBER_OBJECT_CONVERSION = YES_AGGRESSIVE;
				CLANG_CXX_LANGUAGE_STANDARD = "gnu++14";
				CLANG_CXX_LIBRARY = "libc++";
				CLANG_ENABLE_MODULES = YES;
				CLANG_ENABLE_OBJC_ARC = YES;
				CLANG_WARN_BLOCK_CAPTURE_AUTORELEASING = YES;
				CLANG_WARN_BOOL_CONVERSION = YES;
				CLANG_WARN_COMMA = YES;
				CLANG_WARN_CONSTANT_CONVERSION = YES;
				CLANG_WARN_DIRECT_OBJC_ISA_USAGE = YES_ERROR;
				CLANG_WARN_DOCUMENTATION_COMMENTS = YES;
				CLANG_WARN_EMPTY_BODY = YES;
				CLANG_WARN_ENUM_CONVERSION = YES;
				CLANG_WARN_INFINITE_RECURSION = YES;
				CLANG_WARN_INT_CONVERSION = YES;
				CLANG_WARN_NON_LITERAL_NULL_CONVERSION = YES;
				CLANG_WARN_OBJC_LITERAL_CONVERSION = YES;
				CLANG_WARN_OBJC_ROOT_CLASS = YES_ERROR;
				CLANG_WARN_RANGE_LOOP_ANALYSIS = YES;
				CLANG_WARN_STRICT_PROTOTYPES = YES;
				CLANG_WARN_SUSPICIOUS_MOVE = YES;
				CLANG_WARN_UNGUARDED_AVAILABILITY = YES_AGGRESSIVE;
				CLANG_WARN_UNREACHABLE_CODE = YES;
				CLANG_WARN__DUPLICATE_METHOD_MATCH = YES;
				CODE_SIGN_IDENTITY = "iPhone Developer";
				COPY_PHASE_STRIP = NO;
				DEBUG_INFORMATION_FORMAT = "dwarf-with-dsym";
				ENABLE_NS_ASSERTIONS = NO;
				ENABLE_STRICT_OBJC_MSGSEND = YES;
				GCC_C_LANGUAGE_STANDARD = gnu11;
				GCC_NO_COMMON_BLOCKS = YES;
				GCC_WARN_64_TO_32_BIT_CONVERSION = YES;
				GCC_WARN_ABOUT_RETURN_TYPE = YES_ERROR;
				GCC_WARN_UNDECLARED_SELECTOR = YES;
				GCC_WARN_UNINITIALIZED_AUTOS = YES_AGGRESSIVE;
				GCC_WARN_UNUSED_FUNCTION = YES;
				GCC_WARN_UNUSED_VARIABLE = YES;
				IPHONEOS_DEPLOYMENT_TARGET = 11.2;
				MTL_ENABLE_DEBUG_INFO = NO;
				SDKROOT = iphoneos;
				VALIDATE_PRODUCT = YES;
			};
			name = Release;
		};
		3C01A24F200FDB3900BB0D7C /* Debug */ = {
			isa = XCBuildConfiguration;
			buildSettings = {
				ASSETCATALOG_COMPILER_APPICON_NAME = AppIcon;
				CODE_SIGN_STYLE = Automatic;
				DEVELOPMENT_TEAM = YQQ637Y7RT;
				INFOPLIST_FILE = stuff/Info.plist;
				IPHONEOS_DEPLOYMENT_TARGET = 9.0;
				LD_RUNPATH_SEARCH_PATHS = "$(inherited) @executable_path/Frameworks";
				PRODUCT_BUNDLE_IDENTIFIER = com.test.stuff;
				PRODUCT_NAME = "$(TARGET_NAME)";
				TARGETED_DEVICE_FAMILY = "1,2";
			};
			name = Debug;
		};
		3C01A250200FDB3900BB0D7C /* Release */ = {
			isa = XCBuildConfiguration;
			buildSettings = {
				ASSETCATALOG_COMPILER_APPICON_NAME = AppIcon;
				CODE_SIGN_STYLE = Automatic;
				DEVELOPMENT_TEAM = YQQ637Y7RT;
				INFOPLIST_FILE = stuff/Info.plist;
				IPHONEOS_DEPLOYMENT_TARGET = 9.0;
				LD_RUNPATH_SEARCH_PATHS = "$(inherited) @executable_path/Frameworks";
				PRODUCT_BUNDLE_IDENTIFIER = com.test.stuff;
				PRODUCT_NAME = "$(TARGET_NAME)";
				TARGETED_DEVICE_FAMILY = "1,2";
			};
			name = Release;
		};
/* End XCBuildConfiguration section */

/* Begin XCConfigurationList section */
		3C01A233200FDB3900BB0D7C /* Build configuration list for PBXProject "stuff" */ = {
			isa = XCConfigurationList;
			buildConfigurations = (
				3C01A24C200FDB3900BB0D7C /* Debug */,
				3C01A24D200FDB3900BB0D7C /* Release */,
			);
			defaultConfigurationIsVisible = 0;
			defaultConfigurationName = Release;
		};
		3C01A24E200FDB3900BB0D7C /* Build configuration list for PBXNativeTarget "stuff" */ = {
			isa = XCConfigurationList;
			buildConfigurations = (
				3C01A24F200FDB3900BB0D7C /* Debug */,
				3C01A250200FDB3900BB0D7C /* Release */,
			);
			defaultConfigurationIsVisible = 0;
			defaultConfigurationName = Release;
		};
/* End XCConfigurationList section */
	};
	rootObject = 3C01A230200FDB3900BB0D7C /* Project object */;
}
